
Microsoft Visual Studio Solution File, Format Version 12.00
# Visual Studio Version 17
VisualStudioVersion = 17.10.34916.146
MinimumVisualStudioVersion = 10.0.40219.1
Project("{FAE04EC0-301F-11D3-BF4B-00C04F79EFBC}") = "1409_DZ", "1409_DZ\1409_DZ.csproj", "{654B5534-41AC-4525-92DF-781B89AD1588}"
EndProject
Global
	GlobalSection(SolutionConfigurationPlatforms) = preSolution
		Debug|Any CPU = Debug|Any CPU
		Release|Any CPU = Release|Any CPU
	EndGlobalSection
	GlobalSection(ProjectConfigurationPlatforms) = postSolution
		{654B5534-41AC-4525-92DF-781B89AD1588}.Debug|Any CPU.ActiveCfg = Debug|Any CPU
		{654B5534-41AC-4525-92DF-781B89AD1588}.Debug|Any CPU.Build.0 = Debug|Any CPU
		{654B5534-41AC-4525-92DF-781B89AD1588}.Release|Any CPU.ActiveCfg = Release|Any CPU
		{654B5534-41AC-4525-92DF-781B89AD1588}.Release|Any CPU.Build.0 = Release|Any CPU
	EndGlobalSection
	GlobalSection(SolutionProperties) = preSolution
		HideSolutionNode = FALSE
	EndGlobalSection
	GlobalSection(ExtensibilityGlobals) = postSolution
		SolutionGuid = {93683AF9-B071-469D-BA79-0C214A750A53}
	EndGlobalSection
EndGlobal
